
Microsoft Visual Studio Solution File, Format Version 12.00
# Visual Studio Version 17
VisualStudioVersion = 17.7.34031.279
MinimumVisualStudioVersion = 10.0.40219.1
Project("{9A19103F-16F7-4668-BE54-9A1E7A4F7556}") = "Collections", "Collections.csproj", "{6DC80DA4-1F19-47EA-8D37-389E59277D1C}"
EndProject
Project("{FAE04EC0-301F-11D3-BF4B-00C04F79EFBC}") = "Scenario Based", "..\Scenario Based\Scenario Based.csproj", "{A9E58868-8C78-4532-B2B8-8300F9A9C2CF}"
EndProject
Global
	GlobalSection(SolutionConfigurationPlatforms) = preSolution
		Debug|Any CPU = Debug|Any CPU
		Release|Any CPU = Release|Any CPU
	EndGlobalSection
	GlobalSection(ProjectConfigurationPlatforms) = postSolution
		{6DC80DA4-1F19-47EA-8D37-389E59277D1C}.Debug|Any CPU.ActiveCfg = Debug|Any CPU
		{6DC80DA4-1F19-47EA-8D37-389E59277D1C}.Debug|Any CPU.Build.0 = Debug|Any CPU
		{6DC80DA4-1F19-47EA-8D37-389E59277D1C}.Release|Any CPU.ActiveCfg = Release|Any CPU
		{6DC80DA4-1F19-47EA-8D37-389E59277D1C}.Release|Any CPU.Build.0 = Release|Any CPU
		{A9E58868-8C78-4532-B2B8-8300F9A9C2CF}.Debug|Any CPU.ActiveCfg = Debug|Any CPU
		{A9E58868-8C78-4532-B2B8-8300F9A9C2CF}.Debug|Any CPU.Build.0 = Debug|Any CPU
		{A9E58868-8C78-4532-B2B8-8300F9A9C2CF}.Release|Any CPU.ActiveCfg = Release|Any CPU
		{A9E58868-8C78-4532-B2B8-8300F9A9C2CF}.Release|Any CPU.Build.0 = Release|Any CPU
	EndGlobalSection
	GlobalSection(SolutionProperties) = preSolution
		HideSolutionNode = FALSE
	EndGlobalSection
	GlobalSection(ExtensibilityGlobals) = postSolution
		SolutionGuid = {C7734AB1-130F-4A11-A126-C0A988EA10C1}
	EndGlobalSection
EndGlobal
